// !$*UTF8*$!
{
	archiveVersion = 1;
	classes = {
	};
	objectVersion = 54;
	objects = {

/* Begin PBXBuildFile section */
		4CC2CC28253FEDB200748968 /* AppDelegate.swift in Sources */ = {isa = PBXBuildFile; fileRef = 4CC2CC27253FEDB200748968 /* AppDelegate.swift */; };
		4CC2CC2A253FEDB200748968 /* ContentView.swift in Sources */ = {isa = PBXBuildFile; fileRef = 4CC2CC29253FEDB200748968 /* ContentView.swift */; };
		4CC2CC2C253FEDB200748968 /* Experience.rcproject in Sources */ = {isa = PBXBuildFile; fileRef = 4CC2CC2B253FEDB200748968 /* Experience.rcproject */; };
		4CC2CC2E253FEDB400748968 /* Assets.xcassets in Resources */ = {isa = PBXBuildFile; fileRef = 4CC2CC2D253FEDB400748968 /* Assets.xcassets */; };
		4CC2CC31253FEDB400748968 /* Preview Assets.xcassets in Resources */ = {isa = PBXBuildFile; fileRef = 4CC2CC30253FEDB400748968 /* Preview Assets.xcassets */; };
		4CC2CC3C253FEDB400748968 /* LidarGuideTests.swift in Sources */ = {isa = PBXBuildFile; fileRef = 4CC2CC3B253FEDB400748968 /* LidarGuideTests.swift */; };
		4CC2CC47253FEDB400748968 /* LidarGuideUITests.swift in Sources */ = {isa = PBXBuildFile; fileRef = 4CC2CC46253FEDB400748968 /* LidarGuideUITests.swift */; };
		4CC2CC5E253FEE5C00748968 /* MapKit.framework in Frameworks */ = {isa = PBXBuildFile; fileRef = 4CC2CC5D253FEE5C00748968 /* MapKit.framework */; };
/* End PBXBuildFile section */

/* Begin PBXContainerItemProxy section */
		4CC2CC38253FEDB400748968 /* PBXContainerItemProxy */ = {
			isa = PBXContainerItemProxy;
			containerPortal = 4CC2CC1C253FEDB200748968 /* Project object */;
			proxyType = 1;
			remoteGlobalIDString = 4CC2CC23253FEDB200748968;
			remoteInfo = LidarGuide;
		};
		4CC2CC43253FEDB400748968 /* PBXContainerItemProxy */ = {
			isa = PBXContainerItemProxy;
			containerPortal = 4CC2CC1C253FEDB200748968 /* Project object */;
			proxyType = 1;
			remoteGlobalIDString = 4CC2CC23253FEDB200748968;
			remoteInfo = LidarGuide;
		};
/* End PBXContainerItemProxy section */

/* Begin PBXFileReference section */
		4CC2CC24253FEDB200748968 /* LidarGuide.app */ = {isa = PBXFileReference; explicitFileType = wrapper.application; includeInIndex = 0; path = LidarGuide.app; sourceTree = BUILT_PRODUCTS_DIR; };
		4CC2CC27253FEDB200748968 /* AppDelegate.swift */ = {isa = PBXFileReference; lastKnownFileType = sourcecode.swift; path = AppDelegate.swift; sourceTree = "<group>"; };
		4CC2CC29253FEDB200748968 /* ContentView.swift */ = {isa = PBXFileReference; lastKnownFileType = sourcecode.swift; path = ContentView.swift; sourceTree = "<group>"; };
		4CC2CC2B253FEDB200748968 /* Experience.rcproject */ = {isa = PBXFileReference; lastKnownFileType = file.rcproject; path = Experience.rcproject; sourceTree = "<group>"; };
		4CC2CC2D253FEDB400748968 /* Assets.xcassets */ = {isa = PBXFileReference; lastKnownFileType = folder.assetcatalog; path = Assets.xcassets; sourceTree = "<group>"; };
		4CC2CC30253FEDB400748968 /* Preview Assets.xcassets */ = {isa = PBXFileReference; lastKnownFileType = folder.assetcatalog; path = "Preview Assets.xcassets"; sourceTree = "<group>"; };
		4CC2CC32253FEDB400748968 /* Info.plist */ = {isa = PBXFileReference; lastKnownFileType = text.plist.xml; path = Info.plist; sourceTree = "<group>"; };
		4CC2CC37253FEDB400748968 /* LidarGuideTests.xctest */ = {isa = PBXFileReference; explicitFileType = wrapper.cfbundle; includeInIndex = 0; path = LidarGuideTests.xctest; sourceTree = BUILT_PRODUCTS_DIR; };
		4CC2CC3B253FEDB400748968 /* LidarGuideTests.swift */ = {isa = PBXFileReference; lastKnownFileType = sourcecode.swift; path = LidarGuideTests.swift; sourceTree = "<group>"; };
		4CC2CC3D253FEDB400748968 /* Info.plist */ = {isa = PBXFileReference; lastKnownFileType = text.plist.xml; path = Info.plist; sourceTree = "<group>"; };
		4CC2CC42253FEDB400748968 /* LidarGuideUITests.xctest */ = {isa = PBXFileReference; explicitFileType = wrapper.cfbundle; includeInIndex = 0; path = LidarGuideUITests.xctest; sourceTree = BUILT_PRODUCTS_DIR; };
		4CC2CC46253FEDB400748968 /* LidarGuideUITests.swift */ = {isa = PBXFileReference; lastKnownFileType = sourcecode.swift; path = LidarGuideUITests.swift; sourceTree = "<group>"; };
		4CC2CC48253FEDB400748968 /* Info.plist */ = {isa = PBXFileReference; lastKnownFileType = text.plist.xml; path = Info.plist; sourceTree = "<group>"; };
		4CC2CC5B253FEE5C00748968 /* LidarGuide.entitlements */ = {isa = PBXFileReference; lastKnownFileType = text.plist.entitlements; path = LidarGuide.entitlements; sourceTree = "<group>"; };
		4CC2CC5D253FEE5C00748968 /* MapKit.framework */ = {isa = PBXFileReference; lastKnownFileType = wrapper.framework; name = MapKit.framework; path = System/Library/Frameworks/MapKit.framework; sourceTree = SDKROOT; };
/* End PBXFileReference section */

/* Begin PBXFrameworksBuildPhase section */
		4CC2CC21253FEDB200748968 /* Frameworks */ = {
			isa = PBXFrameworksBuildPhase;
			buildActionMask = 2147483647;
			files = (
				4CC2CC5E253FEE5C00748968 /* MapKit.framework in Frameworks */,
			);
			runOnlyForDeploymentPostprocessing = 0;
		};
		4CC2CC34253FEDB400748968 /* Frameworks */ = {
			isa = PBXFrameworksBuildPhase;
			buildActionMask = 2147483647;
			files = (
			);
			runOnlyForDeploymentPostprocessing = 0;
		};
		4CC2CC3F253FEDB400748968 /* Frameworks */ = {
			isa = PBXFrameworksBuildPhase;
			buildActionMask = 2147483647;
			files = (
			);
			runOnlyForDeploymentPostprocessing = 0;
		};
/* End PBXFrameworksBuildPhase section */

/* Begin PBXGroup section */
		4CC2CC1B253FEDB200748968 = {
			isa = PBXGroup;
			children = (
				4CC2CC26253FEDB200748968 /* LidarGuide */,
				4CC2CC3A253FEDB400748968 /* LidarGuideTests */,
				4CC2CC45253FEDB400748968 /* LidarGuideUITests */,
				4CC2CC25253FEDB200748968 /* Products */,
				4CC2CC5C253FEE5C00748968 /* Frameworks */,
			);
			sourceTree = "<group>";
		};
		4CC2CC25253FEDB200748968 /* Products */ = {
			isa = PBXGroup;
			children = (
				4CC2CC24253FEDB200748968 /* LidarGuide.app */,
				4CC2CC37253FEDB400748968 /* LidarGuideTests.xctest */,
				4CC2CC42253FEDB400748968 /* LidarGuideUITests.xctest */,
			);
			name = Products;
			sourceTree = "<group>";
		};
		4CC2CC26253FEDB200748968 /* LidarGuide */ = {
			isa = PBXGroup;
			children = (
				4CC2CC5B253FEE5C00748968 /* LidarGuide.entitlements */,
				4CC2CC57253FEDC700748968 /* Assets */,
				4CC2CC27253FEDB200748968 /* AppDelegate.swift */,
				4CC2CC29253FEDB200748968 /* ContentView.swift */,
				4CC2CC2B253FEDB200748968 /* Experience.rcproject */,
				4CC2CC32253FEDB400748968 /* Info.plist */,
				4CC2CC2F253FEDB400748968 /* Preview Content */,
			);
			path = LidarGuide;
			sourceTree = "<group>";
		};
		4CC2CC2F253FEDB400748968 /* Preview Content */ = {
			isa = PBXGroup;
			children = (
				4CC2CC30253FEDB400748968 /* Preview Assets.xcassets */,
			);
			path = "Preview Content";
			sourceTree = "<group>";
		};
		4CC2CC3A253FEDB400748968 /* LidarGuideTests */ = {
			isa = PBXGroup;
			children = (
				4CC2CC3B253FEDB400748968 /* LidarGuideTests.swift */,
				4CC2CC3D253FEDB400748968 /* Info.plist */,
			);
			path = LidarGuideTests;
			sourceTree = "<group>";
		};
		4CC2CC45253FEDB400748968 /* LidarGuideUITests */ = {
			isa = PBXGroup;
			children = (
				4CC2CC46253FEDB400748968 /* LidarGuideUITests.swift */,
				4CC2CC48253FEDB400748968 /* Info.plist */,
			);
			path = LidarGuideUITests;
			sourceTree = "<group>";
		};
		4CC2CC57253FEDC700748968 /* Assets */ = {
			isa = PBXGroup;
			children = (
				4CC2CC2D253FEDB400748968 /* Assets.xcassets */,
			);
			path = Assets;
			sourceTree = "<group>";
		};
		4CC2CC5C253FEE5C00748968 /* Frameworks */ = {
			isa = PBXGroup;
			children = (
				4CC2CC5D253FEE5C00748968 /* MapKit.framework */,
			);
			name = Frameworks;
			sourceTree = "<group>";
		};
/* End PBXGroup section */

/* Begin PBXNativeTarget section */
		4CC2CC23253FEDB200748968 /* LidarGuide */ = {
			isa = PBXNativeTarget;
			buildConfigurationList = 4CC2CC4B253FEDB400748968 /* Build configuration list for PBXNativeTarget "LidarGuide" */;
			buildPhases = (
				4CC2CC20253FEDB200748968 /* Sources */,
				4CC2CC21253FEDB200748968 /* Frameworks */,
				4CC2CC22253FEDB200748968 /* Resources */,
			);
			buildRules = (
			);
			dependencies = (
			);
			name = LidarGuide;
			productName = LidarGuide;
			productReference = 4CC2CC24253FEDB200748968 /* LidarGuide.app */;
			productType = "com.apple.product-type.application";
		};
		4CC2CC36253FEDB400748968 /* LidarGuideTests */ = {
			isa = PBXNativeTarget;
			buildConfigurationList = 4CC2CC4E253FEDB400748968 /* Build configuration list for PBXNativeTarget "LidarGuideTests" */;
			buildPhases = (
				4CC2CC33253FEDB400748968 /* Sources */,
				4CC2CC34253FEDB400748968 /* Frameworks */,
				4CC2CC35253FEDB400748968 /* Resources */,
			);
			buildRules = (
			);
			dependencies = (
				4CC2CC39253FEDB400748968 /* PBXTargetDependency */,
			);
			name = LidarGuideTests;
			productName = LidarGuideTests;
			productReference = 4CC2CC37253FEDB400748968 /* LidarGuideTests.xctest */;
			productType = "com.apple.product-type.bundle.unit-test";
		};
		4CC2CC41253FEDB400748968 /* LidarGuideUITests */ = {
			isa = PBXNativeTarget;
			buildConfigurationList = 4CC2CC51253FEDB400748968 /* Build configuration list for PBXNativeTarget "LidarGuideUITests" */;
			buildPhases = (
				4CC2CC3E253FEDB400748968 /* Sources */,
				4CC2CC3F253FEDB400748968 /* Frameworks */,
				4CC2CC40253FEDB400748968 /* Resources */,
			);
			buildRules = (
			);
			dependencies = (
				4CC2CC44253FEDB400748968 /* PBXTargetDependency */,
			);
			name = LidarGuideUITests;
			productName = LidarGuideUITests;
			productReference = 4CC2CC42253FEDB400748968 /* LidarGuideUITests.xctest */;
			productType = "com.apple.product-type.bundle.ui-testing";
		};
/* End PBXNativeTarget section */

/* Begin PBXProject section */
		4CC2CC1C253FEDB200748968 /* Project object */ = {
			isa = PBXProject;
			attributes = {
				LastSwiftUpdateCheck = 1220;
				LastUpgradeCheck = 1220;
				TargetAttributes = {
					4CC2CC23253FEDB200748968 = {
						CreatedOnToolsVersion = 12.2;
					};
					4CC2CC36253FEDB400748968 = {
						CreatedOnToolsVersion = 12.2;
						TestTargetID = 4CC2CC23253FEDB200748968;
					};
					4CC2CC41253FEDB400748968 = {
						CreatedOnToolsVersion = 12.2;
						TestTargetID = 4CC2CC23253FEDB200748968;
					};
				};
			};
			buildConfigurationList = 4CC2CC1F253FEDB200748968 /* Build configuration list for PBXProject "LidarGuide" */;
			compatibilityVersion = "Xcode 12.0";
			developmentRegion = en;
			hasScannedForEncodings = 0;
			knownRegions = (
				en,
				Base,
			);
			mainGroup = 4CC2CC1B253FEDB200748968;
			productRefGroup = 4CC2CC25253FEDB200748968 /* Products */;
			projectDirPath = "";
			projectRoot = "";
			targets = (
				4CC2CC23253FEDB200748968 /* LidarGuide */,
				4CC2CC36253FEDB400748968 /* LidarGuideTests */,
				4CC2CC41253FEDB400748968 /* LidarGuideUITests */,
			);
		};
/* End PBXProject section */

/* Begin PBXResourcesBuildPhase section */
		4CC2CC22253FEDB200748968 /* Resources */ = {
			isa = PBXResourcesBuildPhase;
			buildActionMask = 2147483647;
			files = (
				4CC2CC31253FEDB400748968 /* Preview Assets.xcassets in Resources */,
				4CC2CC2E253FEDB400748968 /* Assets.xcassets in Resources */,
			);
			runOnlyForDeploymentPostprocessing = 0;
		};
		4CC2CC35253FEDB400748968 /* Resources */ = {
			isa = PBXResourcesBuildPhase;
			buildActionMask = 2147483647;
			files = (
			);
			runOnlyForDeploymentPostprocessing = 0;
		};
		4CC2CC40253FEDB400748968 /* Resources */ = {
			isa = PBXResourcesBuildPhase;
			buildActionMask = 2147483647;
			files = (
			);
			runOnlyForDeploymentPostprocessing = 0;
		};
/* End PBXResourcesBuildPhase section */

/* Begin PBXSourcesBuildPhase section */
		4CC2CC20253FEDB200748968 /* Sources */ = {
			isa = PBXSourcesBuildPhase;
			buildActionMask = 2147483647;
			files = (
				4CC2CC2A253FEDB200748968 /* ContentView.swift in Sources */,
				4CC2CC28253FEDB200748968 /* AppDelegate.swift in Sources */,
				4CC2CC2C253FEDB200748968 /* Experience.rcproject in Sources */,
			);
			runOnlyForDeploymentPostprocessing = 0;
		};
		4CC2CC33253FEDB400748968 /* Sources */ = {
			isa = PBXSourcesBuildPhase;
			buildActionMask = 2147483647;
			files = (
				4CC2CC3C253FEDB400748968 /* LidarGuideTests.swift in Sources */,
			);
			runOnlyForDeploymentPostprocessing = 0;
		};
		4CC2CC3E253FEDB400748968 /* Sources */ = {
			isa = PBXSourcesBuildPhase;
			buildActionMask = 2147483647;
			files = (
				4CC2CC47253FEDB400748968 /* LidarGuideUITests.swift in Sources */,
			);
			runOnlyForDeploymentPostprocessing = 0;
		};
/* End PBXSourcesBuildPhase section */

/* Begin PBXTargetDependency section */
		4CC2CC39253FEDB400748968 /* PBXTargetDependency */ = {
			isa = PBXTargetDependency;
			target = 4CC2CC23253FEDB200748968 /* LidarGuide */;
			targetProxy = 4CC2CC38253FEDB400748968 /* PBXContainerItemProxy */;
		};
		4CC2CC44253FEDB400748968 /* PBXTargetDependency */ = {
			isa = PBXTargetDependency;
			target = 4CC2CC23253FEDB200748968 /* LidarGuide */;
			targetProxy = 4CC2CC43253FEDB400748968 /* PBXContainerItemProxy */;
		};
/* End PBXTargetDependency section */

/* Begin XCBuildConfiguration section */
		4CC2CC49253FEDB400748968 /* Debug */ = {
			isa = XCBuildConfiguration;
			buildSettings = {
				ALWAYS_SEARCH_USER_PATHS = NO;
				CLANG_ANALYZER_NONNULL = YES;
				CLANG_ANALYZER_NUMBER_OBJECT_CONVERSION = YES_AGGRESSIVE;
				CLANG_CXX_LANGUAGE_STANDARD = "gnu++14";
				CLANG_CXX_LIBRARY = "libc++";
				CLANG_ENABLE_MODULES = YES;
				CLANG_ENABLE_OBJC_ARC = YES;
				CLANG_ENABLE_OBJC_WEAK = YES;
				CLANG_WARN_BLOCK_CAPTURE_AUTORELEASING = YES;
				CLANG_WARN_BOOL_CONVERSION = YES;
				CLANG_WARN_COMMA = YES;
				CLANG_WARN_CONSTANT_CONVERSION = YES;
				CLANG_WARN_DEPRECATED_OBJC_IMPLEMENTATIONS = YES;
				CLANG_WARN_DIRECT_OBJC_ISA_USAGE = YES_ERROR;
				CLANG_WARN_DOCUMENTATION_COMMENTS = YES;
				CLANG_WARN_EMPTY_BODY = YES;
				CLANG_WARN_ENUM_CONVERSION = YES;
				CLANG_WARN_INFINITE_RECURSION = YES;
				CLANG_WARN_INT_CONVERSION = YES;
				CLANG_WARN_NON_LITERAL_NULL_CONVERSION = YES;
				CLANG_WARN_OBJC_IMPLICIT_RETAIN_SELF = YES;
				CLANG_WARN_OBJC_LITERAL_CONVERSION = YES;
				CLANG_WARN_OBJC_ROOT_CLASS = YES_ERROR;
				CLANG_WARN_QUOTED_INCLUDE_IN_FRAMEWORK_HEADER = YES;
				CLANG_WARN_RANGE_LOOP_ANALYSIS = YES;
				CLANG_WARN_STRICT_PROTOTYPES = YES;
				CLANG_WARN_SUSPICIOUS_MOVE = YES;
				CLANG_WARN_UNGUARDED_AVAILABILITY = YES_AGGRESSIVE;
				CLANG_WARN_UNREACHABLE_CODE = YES;
				CLANG_WARN__DUPLICATE_METHOD_MATCH = YES;
				COPY_PHASE_STRIP = NO;
				DEBUG_INFORMATION_FORMAT = dwarf;
				ENABLE_STRICT_OBJC_MSGSEND = YES;
				ENABLE_TESTABILITY = YES;
				GCC_C_LANGUAGE_STANDARD = gnu11;
				GCC_DYNAMIC_NO_PIC = NO;
				GCC_NO_COMMON_BLOCKS = YES;
				GCC_OPTIMIZATION_LEVEL = 0;
				GCC_PREPROCESSOR_DEFINITIONS = (
					"DEBUG=1",
					"$(inherited)",
				);
				GCC_WARN_64_TO_32_BIT_CONVERSION = YES;
				GCC_WARN_ABOUT_RETURN_TYPE = YES_ERROR;
				GCC_WARN_UNDECLARED_SELECTOR = YES;
				GCC_WARN_UNINITIALIZED_AUTOS = YES_AGGRESSIVE;
				GCC_WARN_UNUSED_FUNCTION = YES;
				GCC_WARN_UNUSED_VARIABLE = YES;
				IPHONEOS_DEPLOYMENT_TARGET = 14.2;
				MTL_ENABLE_DEBUG_INFO = INCLUDE_SOURCE;
				MTL_FAST_MATH = YES;
				ONLY_ACTIVE_ARCH = YES;
				SDKROOT = iphoneos;
				SWIFT_ACTIVE_COMPILATION_CONDITIONS = DEBUG;
				SWIFT_OPTIMIZATION_LEVEL = "-Onone";
			};
			name = Debug;
		};
		4CC2CC4A253FEDB400748968 /* Release */ = {
			isa = XCBuildConfiguration;
			buildSettings = {
				ALWAYS_SEARCH_USER_PATHS = NO;
				CLANG_ANALYZER_NONNULL = YES;
				CLANG_ANALYZER_NUMBER_OBJECT_CONVERSION = YES_AGGRESSIVE;
				CLANG_CXX_LANGUAGE_STANDARD = "gnu++14";
				CLANG_CXX_LIBRARY = "libc++";
				CLANG_ENABLE_MODULES = YES;
				CLANG_ENABLE_OBJC_ARC = YES;
				CLANG_ENABLE_OBJC_WEAK = YES;
				CLANG_WARN_BLOCK_CAPTURE_AUTORELEASING = YES;
				CLANG_WARN_BOOL_CONVERSION = YES;
				CLANG_WARN_COMMA = YES;
				CLANG_WARN_CONSTANT_CONVERSION = YES;
				CLANG_WARN_DEPRECATED_OBJC_IMPLEMENTATIONS = YES;
				CLANG_WARN_DIRECT_OBJC_ISA_USAGE = YES_ERROR;
				CLANG_WARN_DOCUMENTATION_COMMENTS = YES;
				CLANG_WARN_EMPTY_BODY = YES;
				CLANG_WARN_ENUM_CONVERSION = YES;
				CLANG_WARN_INFINITE_RECURSION = YES;
				CLANG_WARN_INT_CONVERSION = YES;
				CLANG_WARN_NON_LITERAL_NULL_CONVERSION = YES;
				CLANG_WARN_OBJC_IMPLICIT_RETAIN_SELF = YES;
				CLANG_WARN_OBJC_LITERAL_CONVERSION = YES;
				CLANG_WARN_OBJC_ROOT_CLASS = YES_ERROR;
				CLANG_WARN_QUOTED_INCLUDE_IN_FRAMEWORK_HEADER = YES;
				CLANG_WARN_RANGE_LOOP_ANALYSIS = YES;
				CLANG_WARN_STRICT_PROTOTYPES = YES;
				CLANG_WARN_SUSPICIOUS_MOVE = YES;
				CLANG_WARN_UNGUARDED_AVAILABILITY = YES_AGGRESSIVE;
				CLANG_WARN_UNREACHABLE_CODE = YES;
				CLANG_WARN__DUPLICATE_METHOD_MATCH = YES;
				COPY_PHASE_STRIP = NO;
				DEBUG_INFORMATION_FORMAT = "dwarf-with-dsym";
				ENABLE_NS_ASSERTIONS = NO;
				ENABLE_STRICT_OBJC_MSGSEND = YES;
				GCC_C_LANGUAGE_STANDARD = gnu11;
				GCC_NO_COMMON_BLOCKS = YES;
				GCC_WARN_64_TO_32_BIT_CONVERSION = YES;
				GCC_WARN_ABOUT_RETURN_TYPE = YES_ERROR;
				GCC_WARN_UNDECLARED_SELECTOR = YES;
				GCC_WARN_UNINITIALIZED_AUTOS = YES_AGGRESSIVE;
				GCC_WARN_UNUSED_FUNCTION = YES;
				GCC_WARN_UNUSED_VARIABLE = YES;
				IPHONEOS_DEPLOYMENT_TARGET = 14.2;
				MTL_ENABLE_DEBUG_INFO = NO;
				MTL_FAST_MATH = YES;
				SDKROOT = iphoneos;
				SWIFT_COMPILATION_MODE = wholemodule;
				SWIFT_OPTIMIZATION_LEVEL = "-O";
				VALIDATE_PRODUCT = YES;
			};
			name = Release;
		};
		4CC2CC4C253FEDB400748968 /* Debug */ = {
			isa = XCBuildConfiguration;
			buildSettings = {
				ASSETCATALOG_COMPILER_APPICON_NAME = AppIcon;
				ASSETCATALOG_COMPILER_GLOBAL_ACCENT_COLOR_NAME = AccentColor;
				CODE_SIGN_ENTITLEMENTS = LidarGuide/LidarGuide.entitlements;
				CODE_SIGN_STYLE = Automatic;
				DEVELOPMENT_ASSET_PATHS = "\"LidarGuide/Preview Content\"";
				DEVELOPMENT_TEAM = H29XD2P9YS;
				ENABLE_PREVIEWS = YES;
				INFOPLIST_FILE = LidarGuide/Info.plist;
				IPHONEOS_DEPLOYMENT_TARGET = 14.0;
				LD_RUNPATH_SEARCH_PATHS = (
					"$(inherited)",
					"@executable_path/Frameworks",
				);
				MARKETING_VERSION = 0.0.1;
				PRODUCT_BUNDLE_IDENTIFIER = org.nikhilp.LidarGuide;
				PRODUCT_NAME = "$(TARGET_NAME)";
				SWIFT_VERSION = 5.0;
				TARGETED_DEVICE_FAMILY = "1,2";
			};
			name = Debug;
		};
		4CC2CC4D253FEDB400748968 /* Release */ = {
			isa = XCBuildConfiguration;
			buildSettings = {
				ASSETCATALOG_COMPILER_APPICON_NAME = AppIcon;
				ASSETCATALOG_COMPILER_GLOBAL_ACCENT_COLOR_NAME = AccentColor;
				CODE_SIGN_ENTITLEMENTS = LidarGuide/LidarGuide.entitlements;
				CODE_SIGN_STYLE = Automatic;
				DEVELOPMENT_ASSET_PATHS = "\"LidarGuide/Preview Content\"";
				DEVELOPMENT_TEAM = H29XD2P9YS;
				ENABLE_PREVIEWS = YES;
				INFOPLIST_FILE = LidarGuide/Info.plist;
				IPHONEOS_DEPLOYMENT_TARGET = 14.0;
				LD_RUNPATH_SEARCH_PATHS = (
					"$(inherited)",
					"@executable_path/Frameworks",
				);
				MARKETING_VERSION = 0.0.1;
				PRODUCT_BUNDLE_IDENTIFIER = org.nikhilp.LidarGuide;
				PRODUCT_NAME = "$(TARGET_NAME)";
				SWIFT_VERSION = 5.0;
				TARGETED_DEVICE_FAMILY = "1,2";
			};
			name = Release;
		};
		4CC2CC4F253FEDB400748968 /* Debug */ = {
			isa = XCBuildConfiguration;
			buildSettings = {
				ALWAYS_EMBED_SWIFT_STANDARD_LIBRARIES = YES;
				BUNDLE_LOADER = "$(TEST_HOST)";
				CODE_SIGN_STYLE = Automatic;
				DEVELOPMENT_TEAM = H29XD2P9YS;
				INFOPLIST_FILE = LidarGuideTests/Info.plist;
				IPHONEOS_DEPLOYMENT_TARGET = 14.2;
				LD_RUNPATH_SEARCH_PATHS = (
					"$(inherited)",
					"@executable_path/Frameworks",
					"@loader_path/Frameworks",
				);
				PRODUCT_BUNDLE_IDENTIFIER = org.nikhilp.LidarGuideTests;
				PRODUCT_NAME = "$(TARGET_NAME)";
				SWIFT_VERSION = 5.0;
				TARGETED_DEVICE_FAMILY = "1,2";
				TEST_HOST = "$(BUILT_PRODUCTS_DIR)/LidarGuide.app/LidarGuide";
			};
			name = Debug;
		};
		4CC2CC50253FEDB400748968 /* Release */ = {
			isa = XCBuildConfiguration;
			buildSettings = {
				ALWAYS_EMBED_SWIFT_STANDARD_LIBRARIES = YES;
				BUNDLE_LOADER = "$(TEST_HOST)";
				CODE_SIGN_STYLE = Automatic;
				DEVELOPMENT_TEAM = H29XD2P9YS;
				INFOPLIST_FILE = LidarGuideTests/Info.plist;
				IPHONEOS_DEPLOYMENT_TARGET = 14.2;
				LD_RUNPATH_SEARCH_PATHS = (
					"$(inherited)",
					"@executable_path/Frameworks",
					"@loader_path/Frameworks",
				);
				PRODUCT_BUNDLE_IDENTIFIER = org.nikhilp.LidarGuideTests;
				PRODUCT_NAME = "$(TARGET_NAME)";
				SWIFT_VERSION = 5.0;
				TARGETED_DEVICE_FAMILY = "1,2";
				TEST_HOST = "$(BUILT_PRODUCTS_DIR)/LidarGuide.app/LidarGuide";
			};
			name = Release;
		};
		4CC2CC52253FEDB400748968 /* Debug */ = {
			isa = XCBuildConfiguration;
			buildSettings = {
				ALWAYS_EMBED_SWIFT_STANDARD_LIBRARIES = YES;
				CODE_SIGN_STYLE = Automatic;
				DEVELOPMENT_TEAM = H29XD2P9YS;
				INFOPLIST_FILE = LidarGuideUITests/Info.plist;
				LD_RUNPATH_SEARCH_PATHS = (
					"$(inherited)",
					"@executable_path/Frameworks",
					"@loader_path/Frameworks",
				);
				PRODUCT_BUNDLE_IDENTIFIER = org.nikhilp.LidarGuideUITests;
				PRODUCT_NAME = "$(TARGET_NAME)";
				SWIFT_VERSION = 5.0;
				TARGETED_DEVICE_FAMILY = "1,2";
				TEST_TARGET_NAME = LidarGuide;
			};
			name = Debug;
		};
		4CC2CC53253FEDB400748968 /* Release */ = {
			isa = XCBuildConfiguration;
			buildSettings = {
				ALWAYS_EMBED_SWIFT_STANDARD_LIBRARIES = YES;
				CODE_SIGN_STYLE = Automatic;
				DEVELOPMENT_TEAM = H29XD2P9YS;
				INFOPLIST_FILE = LidarGuideUITests/Info.plist;
				LD_RUNPATH_SEARCH_PATHS = (
					"$(inherited)",
					"@executable_path/Frameworks",
					"@loader_path/Frameworks",
				);
				PRODUCT_BUNDLE_IDENTIFIER = org.nikhilp.LidarGuideUITests;
				PRODUCT_NAME = "$(TARGET_NAME)";
				SWIFT_VERSION = 5.0;
				TARGETED_DEVICE_FAMILY = "1,2";
				TEST_TARGET_NAME = LidarGuide;
			};
			name = Release;
		};
/* End XCBuildConfiguration section */

/* Begin XCConfigurationList section */
		4CC2CC1F253FEDB200748968 /* Build configuration list for PBXProject "LidarGuide" */ = {
			isa = XCConfigurationList;
			buildConfigurations = (
				4CC2CC49253FEDB400748968 /* Debug */,
				4CC2CC4A253FEDB400748968 /* Release */,
			);
			defaultConfigurationIsVisible = 0;
			defaultConfigurationName = Release;
		};
		4CC2CC4B253FEDB400748968 /* Build configuration list for PBXNativeTarget "LidarGuide" */ = {
			isa = XCConfigurationList;
			buildConfigurations = (
				4CC2CC4C253FEDB400748968 /* Debug */,
				4CC2CC4D253FEDB400748968 /* Release */,
			);
			defaultConfigurationIsVisible = 0;
			defaultConfigurationName = Release;
		};
		4CC2CC4E253FEDB400748968 /* Build configuration list for PBXNativeTarget "LidarGuideTests" */ = {
			isa = XCConfigurationList;
			buildConfigurations = (
				4CC2CC4F253FEDB400748968 /* Debug */,
				4CC2CC50253FEDB400748968 /* Release */,
			);
			defaultConfigurationIsVisible = 0;
			defaultConfigurationName = Release;
		};
		4CC2CC51253FEDB400748968 /* Build configuration list for PBXNativeTarget "LidarGuideUITests" */ = {
			isa = XCConfigurationList;
			buildConfigurations = (
				4CC2CC52253FEDB400748968 /* Debug */,
				4CC2CC53253FEDB400748968 /* Release */,
			);
			defaultConfigurationIsVisible = 0;
			defaultConfigurationName = Release;
		};
/* End XCConfigurationList section */
	};
	rootObject = 4CC2CC1C253FEDB200748968 /* Project object */;
}
